
Microsoft Visual Studio Solution File, Format Version 12.00
# Visual Studio Version 17
VisualStudioVersion = 17.13.35919.96 d17.13
MinimumVisualStudioVersion = 10.0.40219.1
Project("{FAE04EC0-301F-11D3-BF4B-00C04F79EFBC}") = "prog_assignment2_POE", "prog_assignment2_POE.csproj", "{21AFD64F-4C50-4880-B51F-7249AF003790}"
EndProject
Global
	GlobalSection(SolutionConfigurationPlatforms) = preSolution
		Debug|Any CPU = Debug|Any CPU
		Release|Any CPU = Release|Any CPU
	EndGlobalSection
	GlobalSection(ProjectConfigurationPlatforms) = postSolution
		{21AFD64F-4C50-4880-B51F-7249AF003790}.Debug|Any CPU.ActiveCfg = Debug|Any CPU
		{21AFD64F-4C50-4880-B51F-7249AF003790}.Debug|Any CPU.Build.0 = Debug|Any CPU
		{21AFD64F-4C50-4880-B51F-7249AF003790}.Release|Any CPU.ActiveCfg = Release|Any CPU
		{21AFD64F-4C50-4880-B51F-7249AF003790}.Release|Any CPU.Build.0 = Release|Any CPU
	EndGlobalSection
	GlobalSection(SolutionProperties) = preSolution
		HideSolutionNode = FALSE
	EndGlobalSection
	GlobalSection(ExtensibilityGlobals) = postSolution
		SolutionGuid = {62053EEE-85CC-4142-B463-E9DC16DDDE84}
	EndGlobalSection
EndGlobal
